
Microsoft Visual Studio Solution File, Format Version 12.00
# Visual Studio Version 16
VisualStudioVersion = 16.0.30011.22
MinimumVisualStudioVersion = 10.0.40219.1
Project("{FAE04EC0-301F-11D3-BF4B-00C04F79EFBC}") = "tests", "tests\tests.csproj", "{29C5E6FF-E08C-4BF9-BDF7-CBCBF9AEBDC9}"
EndProject
Project("{FAE04EC0-301F-11D3-BF4B-00C04F79EFBC}") = "D-M", "D-M\D-M.csproj", "{A1C18E00-6C84-4BCA-88EF-63579E273213}"
EndProject
Global
	GlobalSection(SolutionConfigurationPlatforms) = preSolution
		Debug|Any CPU = Debug|Any CPU
		Release|Any CPU = Release|Any CPU
	EndGlobalSection
	GlobalSection(ProjectConfigurationPlatforms) = postSolution
		{29C5E6FF-E08C-4BF9-BDF7-CBCBF9AEBDC9}.Debug|Any CPU.ActiveCfg = Debug|Any CPU
		{29C5E6FF-E08C-4BF9-BDF7-CBCBF9AEBDC9}.Debug|Any CPU.Build.0 = Debug|Any CPU
		{29C5E6FF-E08C-4BF9-BDF7-CBCBF9AEBDC9}.Release|Any CPU.ActiveCfg = Release|Any CPU
		{29C5E6FF-E08C-4BF9-BDF7-CBCBF9AEBDC9}.Release|Any CPU.Build.0 = Release|Any CPU
		{A1C18E00-6C84-4BCA-88EF-63579E273213}.Debug|Any CPU.ActiveCfg = Debug|Any CPU
		{A1C18E00-6C84-4BCA-88EF-63579E273213}.Debug|Any CPU.Build.0 = Debug|Any CPU
		{A1C18E00-6C84-4BCA-88EF-63579E273213}.Release|Any CPU.ActiveCfg = Release|Any CPU
		{A1C18E00-6C84-4BCA-88EF-63579E273213}.Release|Any CPU.Build.0 = Release|Any CPU
	EndGlobalSection
	GlobalSection(SolutionProperties) = preSolution
		HideSolutionNode = FALSE
	EndGlobalSection
	GlobalSection(ExtensibilityGlobals) = postSolution
		SolutionGuid = {DA4FCE8B-63DE-447F-82CE-B6B5407D6A0B}
	EndGlobalSection
EndGlobal
