
Microsoft Visual Studio Solution File, Format Version 12.00
# Visual Studio Version 16
VisualStudioVersion = 16.0.30011.22
MinimumVisualStudioVersion = 10.0.40219.1
Project("{FAE04EC0-301F-11D3-BF4B-00C04F79EFBC}") = "DM", "DM\DM.csproj", "{33E7D11A-481A-451E-9796-F6A94CACC581}"
EndProject
Project("{FAE04EC0-301F-11D3-BF4B-00C04F79EFBC}") = "MainProj", "MainProj\MainProj.csproj", "{4C58852B-365A-4845-A15C-8A7F6C959B15}"
EndProject
Global
	GlobalSection(SolutionConfigurationPlatforms) = preSolution
		Debug|Any CPU = Debug|Any CPU
		Release|Any CPU = Release|Any CPU
	EndGlobalSection
	GlobalSection(ProjectConfigurationPlatforms) = postSolution
		{33E7D11A-481A-451E-9796-F6A94CACC581}.Debug|Any CPU.ActiveCfg = Debug|Any CPU
		{33E7D11A-481A-451E-9796-F6A94CACC581}.Debug|Any CPU.Build.0 = Debug|Any CPU
		{33E7D11A-481A-451E-9796-F6A94CACC581}.Release|Any CPU.ActiveCfg = Release|Any CPU
		{33E7D11A-481A-451E-9796-F6A94CACC581}.Release|Any CPU.Build.0 = Release|Any CPU
		{4C58852B-365A-4845-A15C-8A7F6C959B15}.Debug|Any CPU.ActiveCfg = Debug|Any CPU
		{4C58852B-365A-4845-A15C-8A7F6C959B15}.Debug|Any CPU.Build.0 = Debug|Any CPU
		{4C58852B-365A-4845-A15C-8A7F6C959B15}.Release|Any CPU.ActiveCfg = Release|Any CPU
		{4C58852B-365A-4845-A15C-8A7F6C959B15}.Release|Any CPU.Build.0 = Release|Any CPU
	EndGlobalSection
	GlobalSection(SolutionProperties) = preSolution
		HideSolutionNode = FALSE
	EndGlobalSection
	GlobalSection(ExtensibilityGlobals) = postSolution
		SolutionGuid = {DA4FCE8B-63DE-447F-82CE-B6B5407D6A0B}
	EndGlobalSection
EndGlobal
